
Microsoft Visual Studio Solution File, Format Version 12.00
# Visual Studio Version 17
VisualStudioVersion = 17.0.32014.148
MinimumVisualStudioVersion = 10.0.40219.1
Project("{FAE04EC0-301F-11D3-BF4B-00C04F79EFBC}") = "PasjaTutorial", "PasjaTutorial\PasjaTutorial.csproj", "{BB152E46-8300-428E-BE61-95923FDBCA51}"
EndProject
Global
	GlobalSection(SolutionConfigurationPlatforms) = preSolution
		Debug|Any CPU = Debug|Any CPU
		Release|Any CPU = Release|Any CPU
	EndGlobalSection
	GlobalSection(ProjectConfigurationPlatforms) = postSolution
		{BB152E46-8300-428E-BE61-95923FDBCA51}.Debug|Any CPU.ActiveCfg = Debug|Any CPU
		{BB152E46-8300-428E-BE61-95923FDBCA51}.Debug|Any CPU.Build.0 = Debug|Any CPU
		{BB152E46-8300-428E-BE61-95923FDBCA51}.Release|Any CPU.ActiveCfg = Release|Any CPU
		{BB152E46-8300-428E-BE61-95923FDBCA51}.Release|Any CPU.Build.0 = Release|Any CPU
	EndGlobalSection
	GlobalSection(SolutionProperties) = preSolution
		HideSolutionNode = FALSE
	EndGlobalSection
	GlobalSection(ExtensibilityGlobals) = postSolution
		SolutionGuid = {16B99635-79E9-4EDE-B249-465E29ACFC5C}
	EndGlobalSection
EndGlobal
